// !$*UTF8*$!
{
	archiveVersion = 1;
	classes = {
	};
	objectVersion = 46;
	objects = {

/* Begin PBXBuildFile section */
		2780DE0E1C8982CF00E0B853 /* main.c in Sources */ = {isa = PBXBuildFile; fileRef = 2780DE0D1C8982CF00E0B853 /* main.c */; };
		2780DE171C89849C00E0B853 /* Module1.c in Sources */ = {isa = PBXBuildFile; fileRef = 2780DE151C89849C00E0B853 /* Module1.c */; };
		2780DE1A1C89863F00E0B853 /* Module2.c in Sources */ = {isa = PBXBuildFile; fileRef = 2780DE181C89863F00E0B853 /* Module2.c */; };
/* End PBXBuildFile section */

/* Begin PBXCopyFilesBuildPhase section */
		2780DE081C8982CF00E0B853 /* CopyFiles */ = {
			isa = PBXCopyFilesBuildPhase;
			buildActionMask = 2147483647;
			dstPath = /usr/share/man/man1/;
			dstSubfolderSpec = 0;
			files = (
			);
			runOnlyForDeploymentPostprocessing = 1;
		};
/* End PBXCopyFilesBuildPhase section */

/* Begin PBXFileReference section */
		2780DE0A1C8982CF00E0B853 /* Condition Variable */ = {isa = PBXFileReference; explicitFileType = "compiled.mach-o.executable"; includeInIndex = 0; path = "Condition Variable"; sourceTree = BUILT_PRODUCTS_DIR; };
		2780DE0D1C8982CF00E0B853 /* main.c */ = {isa = PBXFileReference; lastKnownFileType = sourcecode.c.c; path = main.c; sourceTree = "<group>"; };
		2780DE141C8982E600E0B853 /* MainHeader.h */ = {isa = PBXFileReference; lastKnownFileType = sourcecode.c.h; path = MainHeader.h; sourceTree = "<group>"; };
		2780DE151C89849C00E0B853 /* Module1.c */ = {isa = PBXFileReference; fileEncoding = 4; lastKnownFileType = sourcecode.c.c; path = Module1.c; sourceTree = "<group>"; };
		2780DE161C89849C00E0B853 /* Module1.h */ = {isa = PBXFileReference; fileEncoding = 4; lastKnownFileType = sourcecode.c.h; path = Module1.h; sourceTree = "<group>"; };
		2780DE181C89863F00E0B853 /* Module2.c */ = {isa = PBXFileReference; fileEncoding = 4; lastKnownFileType = sourcecode.c.c; path = Module2.c; sourceTree = "<group>"; };
		2780DE191C89863F00E0B853 /* Module2.h */ = {isa = PBXFileReference; fileEncoding = 4; lastKnownFileType = sourcecode.c.h; path = Module2.h; sourceTree = "<group>"; };
/* End PBXFileReference section */

/* Begin PBXFrameworksBuildPhase section */
		2780DE071C8982CF00E0B853 /* Frameworks */ = {
			isa = PBXFrameworksBuildPhase;
			buildActionMask = 2147483647;
			files = (
			);
			runOnlyForDeploymentPostprocessing = 0;
		};
/* End PBXFrameworksBuildPhase section */

/* Begin PBXGroup section */
		2780DE011C8982CF00E0B853 = {
			isa = PBXGroup;
			children = (
				2780DE0C1C8982CF00E0B853 /* Condition Variable */,
				2780DE0B1C8982CF00E0B853 /* Products */,
			);
			sourceTree = "<group>";
		};
		2780DE0B1C8982CF00E0B853 /* Products */ = {
			isa = PBXGroup;
			children = (
				2780DE0A1C8982CF00E0B853 /* Condition Variable */,
			);
			name = Products;
			sourceTree = "<group>";
		};
		2780DE0C1C8982CF00E0B853 /* Condition Variable */ = {
			isa = PBXGroup;
			children = (
				2780DE0D1C8982CF00E0B853 /* main.c */,
				2780DE141C8982E600E0B853 /* MainHeader.h */,
				2780DE151C89849C00E0B853 /* Module1.c */,
				2780DE161C89849C00E0B853 /* Module1.h */,
				2780DE181C89863F00E0B853 /* Module2.c */,
				2780DE191C89863F00E0B853 /* Module2.h */,
			);
			path = "Condition Variable";
			sourceTree = "<group>";
		};
/* End PBXGroup section */

/* Begin PBXNativeTarget section */
		2780DE091C8982CF00E0B853 /* Condition Variable */ = {
			isa = PBXNativeTarget;
			buildConfigurationList = 2780DE111C8982CF00E0B853 /* Build configuration list for PBXNativeTarget "Condition Variable" */;
			buildPhases = (
				2780DE061C8982CF00E0B853 /* Sources */,
				2780DE071C8982CF00E0B853 /* Frameworks */,
				2780DE081C8982CF00E0B853 /* CopyFiles */,
			);
			buildRules = (
			);
			dependencies = (
			);
			name = "Condition Variable";
			productName = "Condition Variable";
			productReference = 2780DE0A1C8982CF00E0B853 /* Condition Variable */;
			productType = "com.apple.product-type.tool";
		};
/* End PBXNativeTarget section */

/* Begin PBXProject section */
		2780DE021C8982CF00E0B853 /* Project object */ = {
			isa = PBXProject;
			attributes = {
				LastUpgradeCheck = 0720;
				ORGANIZATIONNAME = "Laura del Pino Díaz";
				TargetAttributes = {
					2780DE091C8982CF00E0B853 = {
						CreatedOnToolsVersion = 7.2.1;
					};
				};
			};
			buildConfigurationList = 2780DE051C8982CF00E0B853 /* Build configuration list for PBXProject "Condition Variable" */;
			compatibilityVersion = "Xcode 3.2";
			developmentRegion = English;
			hasScannedForEncodings = 0;
			knownRegions = (
				en,
			);
			mainGroup = 2780DE011C8982CF00E0B853;
			productRefGroup = 2780DE0B1C8982CF00E0B853 /* Products */;
			projectDirPath = "";
			projectRoot = "";
			targets = (
				2780DE091C8982CF00E0B853 /* Condition Variable */,
			);
		};
/* End PBXProject section */

/* Begin PBXSourcesBuildPhase section */
		2780DE061C8982CF00E0B853 /* Sources */ = {
			isa = PBXSourcesBuildPhase;
			buildActionMask = 2147483647;
			files = (
				2780DE0E1C8982CF00E0B853 /* main.c in Sources */,
				2780DE1A1C89863F00E0B853 /* Module2.c in Sources */,
				2780DE171C89849C00E0B853 /* Module1.c in Sources */,
			);
			runOnlyForDeploymentPostprocessing = 0;
		};
/* End PBXSourcesBuildPhase section */

/* Begin XCBuildConfiguration section */
		2780DE0F1C8982CF00E0B853 /* Debug */ = {
			isa = XCBuildConfiguration;
			buildSettings = {
				ALWAYS_SEARCH_USER_PATHS = NO;
				CLANG_CXX_LANGUAGE_STANDARD = "gnu++0x";
				CLANG_CXX_LIBRARY = "libc++";
				CLANG_ENABLE_MODULES = YES;
				CLANG_ENABLE_OBJC_ARC = YES;
				CLANG_WARN_BOOL_CONVERSION = YES;
				CLANG_WARN_CONSTANT_CONVERSION = YES;
				CLANG_WARN_DIRECT_OBJC_ISA_USAGE = YES_ERROR;
				CLANG_WARN_EMPTY_BODY = YES;
				CLANG_WARN_ENUM_CONVERSION = YES;
				CLANG_WARN_INT_CONVERSION = YES;
				CLANG_WARN_OBJC_ROOT_CLASS = YES_ERROR;
				CLANG_WARN_UNREACHABLE_CODE = YES;
				CLANG_WARN__DUPLICATE_METHOD_MATCH = YES;
				CODE_SIGN_IDENTITY = "-";
				COPY_PHASE_STRIP = NO;
				DEBUG_INFORMATION_FORMAT = dwarf;
				ENABLE_STRICT_OBJC_MSGSEND = YES;
				ENABLE_TESTABILITY = YES;
				GCC_C_LANGUAGE_STANDARD = gnu99;
				GCC_DYNAMIC_NO_PIC = NO;
				GCC_NO_COMMON_BLOCKS = YES;
				GCC_OPTIMIZATION_LEVEL = 0;
				GCC_PREPROCESSOR_DEFINITIONS = (
					"DEBUG=1",
					"$(inherited)",
				);
				GCC_WARN_64_TO_32_BIT_CONVERSION = YES;
				GCC_WARN_ABOUT_RETURN_TYPE = YES_ERROR;
				GCC_WARN_UNDECLARED_SELECTOR = YES;
				GCC_WARN_UNINITIALIZED_AUTOS = YES_AGGRESSIVE;
				GCC_WARN_UNUSED_FUNCTION = YES;
				GCC_WARN_UNUSED_VARIABLE = YES;
				MACOSX_DEPLOYMENT_TARGET = 10.11;
				MTL_ENABLE_DEBUG_INFO = YES;
				ONLY_ACTIVE_ARCH = YES;
				SDKROOT = macosx;
			};
			name = Debug;
		};
		2780DE101C8982CF00E0B853 /* Release */ = {
			isa = XCBuildConfiguration;
			buildSettings = {
				ALWAYS_SEARCH_USER_PATHS = NO;
				CLANG_CXX_LANGUAGE_STANDARD = "gnu++0x";
				CLANG_CXX_LIBRARY = "libc++";
				CLANG_ENABLE_MODULES = YES;
				CLANG_ENABLE_OBJC_ARC = YES;
				CLANG_WARN_BOOL_CONVERSION = YES;
				CLANG_WARN_CONSTANT_CONVERSION = YES;
				CLANG_WARN_DIRECT_OBJC_ISA_USAGE = YES_ERROR;
				CLANG_WARN_EMPTY_BODY = YES;
				CLANG_WARN_ENUM_CONVERSION = YES;
				CLANG_WARN_INT_CONVERSION = YES;
				CLANG_WARN_OBJC_ROOT_CLASS = YES_ERROR;
				CLANG_WARN_UNREACHABLE_CODE = YES;
				CLANG_WARN__DUPLICATE_METHOD_MATCH = YES;
				CODE_SIGN_IDENTITY = "-";
				COPY_PHASE_STRIP = NO;
				DEBUG_INFORMATION_FORMAT = "dwarf-with-dsym";
				ENABLE_NS_ASSERTIONS = NO;
				ENABLE_STRICT_OBJC_MSGSEND = YES;
				GCC_C_LANGUAGE_STANDARD = gnu99;
				GCC_NO_COMMON_BLOCKS = YES;
				GCC_WARN_64_TO_32_BIT_CONVERSION = YES;
				GCC_WARN_ABOUT_RETURN_TYPE = YES_ERROR;
				GCC_WARN_UNDECLARED_SELECTOR = YES;
				GCC_WARN_UNINITIALIZED_AUTOS = YES_AGGRESSIVE;
				GCC_WARN_UNUSED_FUNCTION = YES;
				GCC_WARN_UNUSED_VARIABLE = YES;
				MACOSX_DEPLOYMENT_TARGET = 10.11;
				MTL_ENABLE_DEBUG_INFO = NO;
				SDKROOT = macosx;
			};
			name = Release;
		};
		2780DE121C8982CF00E0B853 /* Debug */ = {
			isa = XCBuildConfiguration;
			buildSettings = {
				PRODUCT_NAME = "$(TARGET_NAME)";
			};
			name = Debug;
		};
		2780DE131C8982CF00E0B853 /* Release */ = {
			isa = XCBuildConfiguration;
			buildSettings = {
				PRODUCT_NAME = "$(TARGET_NAME)";
			};
			name = Release;
		};
/* End XCBuildConfiguration section */

/* Begin XCConfigurationList section */
		2780DE051C8982CF00E0B853 /* Build configuration list for PBXProject "Condition Variable" */ = {
			isa = XCConfigurationList;
			buildConfigurations = (
				2780DE0F1C8982CF00E0B853 /* Debug */,
				2780DE101C8982CF00E0B853 /* Release */,
			);
			defaultConfigurationIsVisible = 0;
			defaultConfigurationName = Release;
		};
		2780DE111C8982CF00E0B853 /* Build configuration list for PBXNativeTarget "Condition Variable" */ = {
			isa = XCConfigurationList;
			buildConfigurations = (
				2780DE121C8982CF00E0B853 /* Debug */,
				2780DE131C8982CF00E0B853 /* Release */,
			);
			defaultConfigurationIsVisible = 0;
		};
/* End XCConfigurationList section */
	};
	rootObject = 2780DE021C8982CF00E0B853 /* Project object */;
}
